// !$*UTF8*$!
{
	archiveVersion = 1;
	classes = {
	};
	objectVersion = 50;
	objects = {

/* Begin PBXBuildFile section */
		8C310619A13C6AE1F74BEDEA /* Pods_taskapp.framework in Frameworks */ = {isa = PBXBuildFile; fileRef = A8A371E021D06086D3A2AA7C /* Pods_taskapp.framework */; };
		A72BB1432361616E00D334F7 /* Task.swift in Sources */ = {isa = PBXBuildFile; fileRef = A72BB1422361616E00D334F7 /* Task.swift */; };
		A72BB14D2365CDF600D334F7 /* TableViewCell.swift in Sources */ = {isa = PBXBuildFile; fileRef = A72BB14C2365CDF600D334F7 /* TableViewCell.swift */; };
		A72BDD20235F5FA600D6304A /* AppDelegate.swift in Sources */ = {isa = PBXBuildFile; fileRef = A72BDD1F235F5FA600D6304A /* AppDelegate.swift */; };
		A72BDD22235F5FA600D6304A /* ViewController.swift in Sources */ = {isa = PBXBuildFile; fileRef = A72BDD21235F5FA600D6304A /* ViewController.swift */; };
		A72BDD25235F5FA600D6304A /* Main.storyboard in Resources */ = {isa = PBXBuildFile; fileRef = A72BDD23235F5FA600D6304A /* Main.storyboard */; };
		A72BDD27235F5FA700D6304A /* Assets.xcassets in Resources */ = {isa = PBXBuildFile; fileRef = A72BDD26235F5FA700D6304A /* Assets.xcassets */; };
		A72BDD2A235F5FA700D6304A /* LaunchScreen.storyboard in Resources */ = {isa = PBXBuildFile; fileRef = A72BDD28235F5FA700D6304A /* LaunchScreen.storyboard */; };
		A7312F9123614E93005A92D5 /* InputViewController.swift in Sources */ = {isa = PBXBuildFile; fileRef = A7312F9023614E92005A92D5 /* InputViewController.swift */; };
/* End PBXBuildFile section */

/* Begin PBXFileReference section */
		04236B7A70CC4BBEC84FA513 /* Pods-taskapp.debug.xcconfig */ = {isa = PBXFileReference; includeInIndex = 1; lastKnownFileType = text.xcconfig; name = "Pods-taskapp.debug.xcconfig"; path = "Pods/Target Support Files/Pods-taskapp/Pods-taskapp.debug.xcconfig"; sourceTree = "<group>"; };
		2CA3250731BF2CB2D8F617B6 /* Pods-taskapp.release.xcconfig */ = {isa = PBXFileReference; includeInIndex = 1; lastKnownFileType = text.xcconfig; name = "Pods-taskapp.release.xcconfig"; path = "Pods/Target Support Files/Pods-taskapp/Pods-taskapp.release.xcconfig"; sourceTree = "<group>"; };
		A72BB1422361616E00D334F7 /* Task.swift */ = {isa = PBXFileReference; lastKnownFileType = sourcecode.swift; path = Task.swift; sourceTree = "<group>"; };
		A72BB14C2365CDF600D334F7 /* TableViewCell.swift */ = {isa = PBXFileReference; lastKnownFileType = sourcecode.swift; path = TableViewCell.swift; sourceTree = "<group>"; };
		A72BDD1C235F5FA600D6304A /* taskapp.app */ = {isa = PBXFileReference; explicitFileType = wrapper.application; includeInIndex = 0; path = taskapp.app; sourceTree = BUILT_PRODUCTS_DIR; };
		A72BDD1F235F5FA600D6304A /* AppDelegate.swift */ = {isa = PBXFileReference; lastKnownFileType = sourcecode.swift; path = AppDelegate.swift; sourceTree = "<group>"; };
		A72BDD21235F5FA600D6304A /* ViewController.swift */ = {isa = PBXFileReference; lastKnownFileType = sourcecode.swift; path = ViewController.swift; sourceTree = "<group>"; };
		A72BDD24235F5FA600D6304A /* Base */ = {isa = PBXFileReference; lastKnownFileType = file.storyboard; name = Base; path = Base.lproj/Main.storyboard; sourceTree = "<group>"; };
		A72BDD26235F5FA700D6304A /* Assets.xcassets */ = {isa = PBXFileReference; lastKnownFileType = folder.assetcatalog; path = Assets.xcassets; sourceTree = "<group>"; };
		A72BDD29235F5FA700D6304A /* Base */ = {isa = PBXFileReference; lastKnownFileType = file.storyboard; name = Base; path = Base.lproj/LaunchScreen.storyboard; sourceTree = "<group>"; };
		A72BDD2B235F5FA700D6304A /* Info.plist */ = {isa = PBXFileReference; lastKnownFileType = text.plist.xml; path = Info.plist; sourceTree = "<group>"; };
		A7312F9023614E92005A92D5 /* InputViewController.swift */ = {isa = PBXFileReference; lastKnownFileType = sourcecode.swift; path = InputViewController.swift; sourceTree = "<group>"; };
		A8A371E021D06086D3A2AA7C /* Pods_taskapp.framework */ = {isa = PBXFileReference; explicitFileType = wrapper.framework; includeInIndex = 0; path = Pods_taskapp.framework; sourceTree = BUILT_PRODUCTS_DIR; };
/* End PBXFileReference section */

/* Begin PBXFrameworksBuildPhase section */
		A72BDD19235F5FA600D6304A /* Frameworks */ = {
			isa = PBXFrameworksBuildPhase;
			buildActionMask = 2147483647;
			files = (
				8C310619A13C6AE1F74BEDEA /* Pods_taskapp.framework in Frameworks */,
			);
			runOnlyForDeploymentPostprocessing = 0;
		};
/* End PBXFrameworksBuildPhase section */

/* Begin PBXGroup section */
		691197DB169563FBEC3D5A5D /* Frameworks */ = {
			isa = PBXGroup;
			children = (
				A8A371E021D06086D3A2AA7C /* Pods_taskapp.framework */,
			);
			name = Frameworks;
			sourceTree = "<group>";
		};
		A72BDD13235F5FA600D6304A = {
			isa = PBXGroup;
			children = (
				A72BDD1E235F5FA600D6304A /* taskapp */,
				A72BDD1D235F5FA600D6304A /* Products */,
				AA9E4096F8F521AFA255D79E /* Pods */,
				691197DB169563FBEC3D5A5D /* Frameworks */,
			);
			sourceTree = "<group>";
		};
		A72BDD1D235F5FA600D6304A /* Products */ = {
			isa = PBXGroup;
			children = (
				A72BDD1C235F5FA600D6304A /* taskapp.app */,
			);
			name = Products;
			sourceTree = "<group>";
		};
		A72BDD1E235F5FA600D6304A /* taskapp */ = {
			isa = PBXGroup;
			children = (
				A72BDD1F235F5FA600D6304A /* AppDelegate.swift */,
				A72BDD21235F5FA600D6304A /* ViewController.swift */,
				A72BDD23235F5FA600D6304A /* Main.storyboard */,
				A72BB14C2365CDF600D334F7 /* TableViewCell.swift */,
				A72BDD26235F5FA700D6304A /* Assets.xcassets */,
				A72BDD28235F5FA700D6304A /* LaunchScreen.storyboard */,
				A72BDD2B235F5FA700D6304A /* Info.plist */,
				A7312F9023614E92005A92D5 /* InputViewController.swift */,
				A72BB1422361616E00D334F7 /* Task.swift */,
			);
			path = taskapp;
			sourceTree = "<group>";
		};
		AA9E4096F8F521AFA255D79E /* Pods */ = {
			isa = PBXGroup;
			children = (
				04236B7A70CC4BBEC84FA513 /* Pods-taskapp.debug.xcconfig */,
				2CA3250731BF2CB2D8F617B6 /* Pods-taskapp.release.xcconfig */,
			);
			name = Pods;
			sourceTree = "<group>";
		};
/* End PBXGroup section */

/* Begin PBXNativeTarget section */
		A72BDD1B235F5FA600D6304A /* taskapp */ = {
			isa = PBXNativeTarget;
			buildConfigurationList = A72BDD2E235F5FA700D6304A /* Build configuration list for PBXNativeTarget "taskapp" */;
			buildPhases = (
				B774D5507A428B1DB830147B /* [CP] Check Pods Manifest.lock */,
				A72BDD18235F5FA600D6304A /* Sources */,
				A72BDD19235F5FA600D6304A /* Frameworks */,
				A72BDD1A235F5FA600D6304A /* Resources */,
				C0A15A067AD2EBBD0C8B0D2E /* [CP] Embed Pods Frameworks */,
			);
			buildRules = (
			);
			dependencies = (
			);
			name = taskapp;
			productName = taskapp;
			productReference = A72BDD1C235F5FA600D6304A /* taskapp.app */;
			productType = "com.apple.product-type.application";
		};
/* End PBXNativeTarget section */

/* Begin PBXProject section */
		A72BDD14235F5FA600D6304A /* Project object */ = {
			isa = PBXProject;
			attributes = {
				LastSwiftUpdateCheck = 1020;
				LastUpgradeCheck = 1020;
				ORGANIZATIONNAME = "tetsuya nomata";
				TargetAttributes = {
					A72BDD1B235F5FA600D6304A = {
						CreatedOnToolsVersion = 10.2.1;
					};
				};
			};
			buildConfigurationList = A72BDD17235F5FA600D6304A /* Build configuration list for PBXProject "taskapp" */;
			compatibilityVersion = "Xcode 9.3";
			developmentRegion = en;
			hasScannedForEncodings = 0;
			knownRegions = (
				en,
				Base,
			);
			mainGroup = A72BDD13235F5FA600D6304A;
			productRefGroup = A72BDD1D235F5FA600D6304A /* Products */;
			projectDirPath = "";
			projectRoot = "";
			targets = (
				A72BDD1B235F5FA600D6304A /* taskapp */,
			);
		};
/* End PBXProject section */

/* Begin PBXResourcesBuildPhase section */
		A72BDD1A235F5FA600D6304A /* Resources */ = {
			isa = PBXResourcesBuildPhase;
			buildActionMask = 2147483647;
			files = (
				A72BDD2A235F5FA700D6304A /* LaunchScreen.storyboard in Resources */,
				A72BDD27235F5FA700D6304A /* Assets.xcassets in Resources */,
				A72BDD25235F5FA600D6304A /* Main.storyboard in Resources */,
			);
			runOnlyForDeploymentPostprocessing = 0;
		};
/* End PBXResourcesBuildPhase section */

/* Begin PBXShellScriptBuildPhase section */
		B774D5507A428B1DB830147B /* [CP] Check Pods Manifest.lock */ = {
			isa = PBXShellScriptBuildPhase;
			buildActionMask = 2147483647;
			files = (
			);
			inputPaths = (
				"${PODS_PODFILE_DIR_PATH}/Podfile.lock",
				"${PODS_ROOT}/Manifest.lock",
			);
			name = "[CP] Check Pods Manifest.lock";
			outputPaths = (
				"$(DERIVED_FILE_DIR)/Pods-taskapp-checkManifestLockResult.txt",
			);
			runOnlyForDeploymentPostprocessing = 0;
			shellPath = /bin/sh;
			shellScript = "diff \"${PODS_PODFILE_DIR_PATH}/Podfile.lock\" \"${PODS_ROOT}/Manifest.lock\" > /dev/null\nif [ $? != 0 ] ; then\n    # print error to STDERR\n    echo \"error: The sandbox is not in sync with the Podfile.lock. Run 'pod install' or update your CocoaPods installation.\" >&2\n    exit 1\nfi\n# This output is used by Xcode 'outputs' to avoid re-running this script phase.\necho \"SUCCESS\" > \"${SCRIPT_OUTPUT_FILE_0}\"\n";
			showEnvVarsInLog = 0;
		};
		C0A15A067AD2EBBD0C8B0D2E /* [CP] Embed Pods Frameworks */ = {
			isa = PBXShellScriptBuildPhase;
			buildActionMask = 2147483647;
			files = (
			);
			inputPaths = (
				"${SRCROOT}/Pods/Target Support Files/Pods-taskapp/Pods-taskapp-frameworks.sh",
				"${BUILT_PRODUCTS_DIR}/Realm/Realm.framework",
				"${BUILT_PRODUCTS_DIR}/RealmSwift/RealmSwift.framework",
			);
			name = "[CP] Embed Pods Frameworks";
			outputPaths = (
				"${TARGET_BUILD_DIR}/${FRAMEWORKS_FOLDER_PATH}/Realm.framework",
				"${TARGET_BUILD_DIR}/${FRAMEWORKS_FOLDER_PATH}/RealmSwift.framework",
			);
			runOnlyForDeploymentPostprocessing = 0;
			shellPath = /bin/sh;
			shellScript = "\"${SRCROOT}/Pods/Target Support Files/Pods-taskapp/Pods-taskapp-frameworks.sh\"\n";
			showEnvVarsInLog = 0;
		};
/* End PBXShellScriptBuildPhase section */

/* Begin PBXSourcesBuildPhase section */
		A72BDD18235F5FA600D6304A /* Sources */ = {
			isa = PBXSourcesBuildPhase;
			buildActionMask = 2147483647;
			files = (
				A72BB14D2365CDF600D334F7 /* TableViewCell.swift in Sources */,
				A72BB1432361616E00D334F7 /* Task.swift in Sources */,
				A7312F9123614E93005A92D5 /* InputViewController.swift in Sources */,
				A72BDD22235F5FA600D6304A /* ViewController.swift in Sources */,
				A72BDD20235F5FA600D6304A /* AppDelegate.swift in Sources */,
			);
			runOnlyForDeploymentPostprocessing = 0;
		};
/* End PBXSourcesBuildPhase section */

/* Begin PBXVariantGroup section */
		A72BDD23235F5FA600D6304A /* Main.storyboard */ = {
			isa = PBXVariantGroup;
			children = (
				A72BDD24235F5FA600D6304A /* Base */,
			);
			name = Main.storyboard;
			sourceTree = "<group>";
		};
		A72BDD28235F5FA700D6304A /* LaunchScreen.storyboard */ = {
			isa = PBXVariantGroup;
			children = (
				A72BDD29235F5FA700D6304A /* Base */,
			);
			name = LaunchScreen.storyboard;
			sourceTree = "<group>";
		};
/* End PBXVariantGroup section */

/* Begin XCBuildConfiguration section */
		A72BDD2C235F5FA700D6304A /* Debug */ = {
			isa = XCBuildConfiguration;
			buildSettings = {
				ALWAYS_SEARCH_USER_PATHS = NO;
				CLANG_ANALYZER_NONNULL = YES;
				CLANG_ANALYZER_NUMBER_OBJECT_CONVERSION = YES_AGGRESSIVE;
				CLANG_CXX_LANGUAGE_STANDARD = "gnu++14";
				CLANG_CXX_LIBRARY = "libc++";
				CLANG_ENABLE_MODULES = YES;
				CLANG_ENABLE_OBJC_ARC = YES;
				CLANG_ENABLE_OBJC_WEAK = YES;
				CLANG_WARN_BLOCK_CAPTURE_AUTORELEASING = YES;
				CLANG_WARN_BOOL_CONVERSION = YES;
				CLANG_WARN_COMMA = YES;
				CLANG_WARN_CONSTANT_CONVERSION = YES;
				CLANG_WARN_DEPRECATED_OBJC_IMPLEMENTATIONS = YES;
				CLANG_WARN_DIRECT_OBJC_ISA_USAGE = YES_ERROR;
				CLANG_WARN_DOCUMENTATION_COMMENTS = YES;
				CLANG_WARN_EMPTY_BODY = YES;
				CLANG_WARN_ENUM_CONVERSION = YES;
				CLANG_WARN_INFINITE_RECURSION = YES;
				CLANG_WARN_INT_CONVERSION = YES;
				CLANG_WARN_NON_LITERAL_NULL_CONVERSION = YES;
				CLANG_WARN_OBJC_IMPLICIT_RETAIN_SELF = YES;
				CLANG_WARN_OBJC_LITERAL_CONVERSION = YES;
				CLANG_WARN_OBJC_ROOT_CLASS = YES_ERROR;
				CLANG_WARN_RANGE_LOOP_ANALYSIS = YES;
				CLANG_WARN_STRICT_PROTOTYPES = YES;
				CLANG_WARN_SUSPICIOUS_MOVE = YES;
				CLANG_WARN_UNGUARDED_AVAILABILITY = YES_AGGRESSIVE;
				CLANG_WARN_UNREACHABLE_CODE = YES;
				CLANG_WARN__DUPLICATE_METHOD_MATCH = YES;
				CODE_SIGN_IDENTITY = "iPhone Developer";
				COPY_PHASE_STRIP = NO;
				DEBUG_INFORMATION_FORMAT = dwarf;
				ENABLE_STRICT_OBJC_MSGSEND = YES;
				ENABLE_TESTABILITY = YES;
				GCC_C_LANGUAGE_STANDARD = gnu11;
				GCC_DYNAMIC_NO_PIC = NO;
				GCC_NO_COMMON_BLOCKS = YES;
				GCC_OPTIMIZATION_LEVEL = 0;
				GCC_PREPROCESSOR_DEFINITIONS = (
					"DEBUG=1",
					"$(inherited)",
				);
				GCC_WARN_64_TO_32_BIT_CONVERSION = YES;
				GCC_WARN_ABOUT_RETURN_TYPE = YES_ERROR;
				GCC_WARN_UNDECLARED_SELECTOR = YES;
				GCC_WARN_UNINITIALIZED_AUTOS = YES_AGGRESSIVE;
				GCC_WARN_UNUSED_FUNCTION = YES;
				GCC_WARN_UNUSED_VARIABLE = YES;
				IPHONEOS_DEPLOYMENT_TARGET = 12.2;
				MTL_ENABLE_DEBUG_INFO = INCLUDE_SOURCE;
				MTL_FAST_MATH = YES;
				ONLY_ACTIVE_ARCH = YES;
				SDKROOT = iphoneos;
				SWIFT_ACTIVE_COMPILATION_CONDITIONS = DEBUG;
				SWIFT_OPTIMIZATION_LEVEL = "-Onone";
			};
			name = Debug;
		};
		A72BDD2D235F5FA700D6304A /* Release */ = {
			isa = XCBuildConfiguration;
			buildSettings = {
				ALWAYS_SEARCH_USER_PATHS = NO;
				CLANG_ANALYZER_NONNULL = YES;
				CLANG_ANALYZER_NUMBER_OBJECT_CONVERSION = YES_AGGRESSIVE;
				CLANG_CXX_LANGUAGE_STANDARD = "gnu++14";
				CLANG_CXX_LIBRARY = "libc++";
				CLANG_ENABLE_MODULES = YES;
				CLANG_ENABLE_OBJC_ARC = YES;
				CLANG_ENABLE_OBJC_WEAK = YES;
				CLANG_WARN_BLOCK_CAPTURE_AUTORELEASING = YES;
				CLANG_WARN_BOOL_CONVERSION = YES;
				CLANG_WARN_COMMA = YES;
				CLANG_WARN_CONSTANT_CONVERSION = YES;
				CLANG_WARN_DEPRECATED_OBJC_IMPLEMENTATIONS = YES;
				CLANG_WARN_DIRECT_OBJC_ISA_USAGE = YES_ERROR;
				CLANG_WARN_DOCUMENTATION_COMMENTS = YES;
				CLANG_WARN_EMPTY_BODY = YES;
				CLANG_WARN_ENUM_CONVERSION = YES;
				CLANG_WARN_INFINITE_RECURSION = YES;
				CLANG_WARN_INT_CONVERSION = YES;
				CLANG_WARN_NON_LITERAL_NULL_CONVERSION = YES;
				CLANG_WARN_OBJC_IMPLICIT_RETAIN_SELF = YES;
				CLANG_WARN_OBJC_LITERAL_CONVERSION = YES;
				CLANG_WARN_OBJC_ROOT_CLASS = YES_ERROR;
				CLANG_WARN_RANGE_LOOP_ANALYSIS = YES;
				CLANG_WARN_STRICT_PROTOTYPES = YES;
				CLANG_WARN_SUSPICIOUS_MOVE = YES;
				CLANG_WARN_UNGUARDED_AVAILABILITY = YES_AGGRESSIVE;
				CLANG_WARN_UNREACHABLE_CODE = YES;
				CLANG_WARN__DUPLICATE_METHOD_MATCH = YES;
				CODE_SIGN_IDENTITY = "iPhone Developer";
				COPY_PHASE_STRIP = NO;
				DEBUG_INFORMATION_FORMAT = "dwarf-with-dsym";
				ENABLE_NS_ASSERTIONS = NO;
				ENABLE_STRICT_OBJC_MSGSEND = YES;
				GCC_C_LANGUAGE_STANDARD = gnu11;
				GCC_NO_COMMON_BLOCKS = YES;
				GCC_WARN_64_TO_32_BIT_CONVERSION = YES;
				GCC_WARN_ABOUT_RETURN_TYPE = YES_ERROR;
				GCC_WARN_UNDECLARED_SELECTOR = YES;
				GCC_WARN_UNINITIALIZED_AUTOS = YES_AGGRESSIVE;
				GCC_WARN_UNUSED_FUNCTION = YES;
				GCC_WARN_UNUSED_VARIABLE = YES;
				IPHONEOS_DEPLOYMENT_TARGET = 12.2;
				MTL_ENABLE_DEBUG_INFO = NO;
				MTL_FAST_MATH = YES;
				SDKROOT = iphoneos;
				SWIFT_COMPILATION_MODE = wholemodule;
				SWIFT_OPTIMIZATION_LEVEL = "-O";
				VALIDATE_PRODUCT = YES;
			};
			name = Release;
		};
		A72BDD2F235F5FA700D6304A /* Debug */ = {
			isa = XCBuildConfiguration;
			baseConfigurationReference = 04236B7A70CC4BBEC84FA513 /* Pods-taskapp.debug.xcconfig */;
			buildSettings = {
				ASSETCATALOG_COMPILER_APPICON_NAME = AppIcon;
				CODE_SIGN_STYLE = Automatic;
				INFOPLIST_FILE = taskapp/Info.plist;
				LD_RUNPATH_SEARCH_PATHS = (
					"$(inherited)",
					"@executable_path/Frameworks",
				);
				PRODUCT_BUNDLE_IDENTIFIER = jp.techacademy.tetsuya.nomata.taskapp;
				PRODUCT_NAME = "$(TARGET_NAME)";
				SWIFT_VERSION = 5.0;
				TARGETED_DEVICE_FAMILY = 1;
			};
			name = Debug;
		};
		A72BDD30235F5FA700D6304A /* Release */ = {
			isa = XCBuildConfiguration;
			baseConfigurationReference = 2CA3250731BF2CB2D8F617B6 /* Pods-taskapp.release.xcconfig */;
			buildSettings = {
				ASSETCATALOG_COMPILER_APPICON_NAME = AppIcon;
				CODE_SIGN_STYLE = Automatic;
				INFOPLIST_FILE = taskapp/Info.plist;
				LD_RUNPATH_SEARCH_PATHS = (
					"$(inherited)",
					"@executable_path/Frameworks",
				);
				PRODUCT_BUNDLE_IDENTIFIER = jp.techacademy.tetsuya.nomata.taskapp;
				PRODUCT_NAME = "$(TARGET_NAME)";
				SWIFT_VERSION = 5.0;
				TARGETED_DEVICE_FAMILY = 1;
			};
			name = Release;
		};
/* End XCBuildConfiguration section */

/* Begin XCConfigurationList section */
		A72BDD17235F5FA600D6304A /* Build configuration list for PBXProject "taskapp" */ = {
			isa = XCConfigurationList;
			buildConfigurations = (
				A72BDD2C235F5FA700D6304A /* Debug */,
				A72BDD2D235F5FA700D6304A /* Release */,
			);
			defaultConfigurationIsVisible = 0;
			defaultConfigurationName = Release;
		};
		A72BDD2E235F5FA700D6304A /* Build configuration list for PBXNativeTarget "taskapp" */ = {
			isa = XCConfigurationList;
			buildConfigurations = (
				A72BDD2F235F5FA700D6304A /* Debug */,
				A72BDD30235F5FA700D6304A /* Release */,
			);
			defaultConfigurationIsVisible = 0;
			defaultConfigurationName = Release;
		};
/* End XCConfigurationList section */
	};
	rootObject = A72BDD14235F5FA600D6304A /* Project object */;
}
